
Microsoft Visual Studio Solution File, Format Version 12.00
# Visual Studio Version 17
VisualStudioVersion = 17.10.35122.118
MinimumVisualStudioVersion = 10.0.40219.1
Project("{FAE04EC0-301F-11D3-BF4B-00C04F79EFBC}") = "DOTRestAPI", "DOTRestAPI.csproj", "{DFCF056D-4DB9-4D9C-B786-DE5679F3A530}"
EndProject
Global
	GlobalSection(SolutionConfigurationPlatforms) = preSolution
		Debug|Any CPU = Debug|Any CPU
		Release|Any CPU = Release|Any CPU
	EndGlobalSection
	GlobalSection(ProjectConfigurationPlatforms) = postSolution
		{DFCF056D-4DB9-4D9C-B786-DE5679F3A530}.Debug|Any CPU.ActiveCfg = Debug|Any CPU
		{DFCF056D-4DB9-4D9C-B786-DE5679F3A530}.Debug|Any CPU.Build.0 = Debug|Any CPU
		{DFCF056D-4DB9-4D9C-B786-DE5679F3A530}.Release|Any CPU.ActiveCfg = Release|Any CPU
		{DFCF056D-4DB9-4D9C-B786-DE5679F3A530}.Release|Any CPU.Build.0 = Release|Any CPU
	EndGlobalSection
	GlobalSection(SolutionProperties) = preSolution
		HideSolutionNode = FALSE
	EndGlobalSection
	GlobalSection(ExtensibilityGlobals) = postSolution
		SolutionGuid = {1714D6E6-64F2-4B09-B312-404A9B1CDF6F}
	EndGlobalSection
EndGlobal
